
Microsoft Visual Studio Solution File, Format Version 12.00
# Visual Studio Version 16
VisualStudioVersion = 16.0.29509.3
MinimumVisualStudioVersion = 10.0.40219.1
Project("{FAE04EC0-301F-11D3-BF4B-00C04F79EFBC}") = "Movie_Booking_MVC", "Movie_Booking_MVC.csproj", "{3D7938FC-4AA2-49AE-9F6E-1891060CC7AA}"
EndProject
Global
	GlobalSection(SolutionConfigurationPlatforms) = preSolution
		Debug|Any CPU = Debug|Any CPU
		Release|Any CPU = Release|Any CPU
	EndGlobalSection
	GlobalSection(ProjectConfigurationPlatforms) = postSolution
		{3D7938FC-4AA2-49AE-9F6E-1891060CC7AA}.Debug|Any CPU.ActiveCfg = Debug|Any CPU
		{3D7938FC-4AA2-49AE-9F6E-1891060CC7AA}.Debug|Any CPU.Build.0 = Debug|Any CPU
		{3D7938FC-4AA2-49AE-9F6E-1891060CC7AA}.Release|Any CPU.ActiveCfg = Release|Any CPU
		{3D7938FC-4AA2-49AE-9F6E-1891060CC7AA}.Release|Any CPU.Build.0 = Release|Any CPU
	EndGlobalSection
	GlobalSection(SolutionProperties) = preSolution
		HideSolutionNode = FALSE
	EndGlobalSection
	GlobalSection(ExtensibilityGlobals) = postSolution
		SolutionGuid = {9BFF6E8F-4BD3-4942-87BB-5FA4885CB05A}
	EndGlobalSection
EndGlobal
